{
  "name": "@victoryoalli/alpinejs-screen",
  "version": "1.0.0",
  "lockfileVersion": 1,
  "requires": true,
  "dependencies": {
    "esbuild": {
      "version": "0.12.22",
      "resolved": "https://registry.npmjs.org/esbuild/-/esbuild-0.12.22.tgz",
      "integrity": "sha512-yWCr9RoFehpqoe/+MwZXJpYOEIt7KOEvNnjIeMZpMSyQt+KCBASM3y7yViiN5dJRphf1wGdUz1+M4rTtWd/ulA=="
    }
  }
}
